{
  "name": "@heliton-ignite-ui/ts-config",
  "version": "1.0.0",
  "lockfileVersion": 3,
  "requires": true,
  "packages": {
    "": {
      "name": "@heliton-ignite-ui/ts-config",
      "version": "1.0.0",
      "license": "MIT",
      "dependencies": {
        "@heliton-ignite-ui/ts-config": "file:"
      }
    },
    "node_modules/@heliton-ignite-ui/ts-config": {
      "resolved": "",
      "link": true
    }
  }
}
